<Solution>
    <Project Path="Benchmarks/Benchmarks.csproj"/>
    <Project Path="Generators/Generators/Generators.csproj"/>
    <Project Path="Generators/Generators.Tests/Generators.Tests.csproj"/>
    <Project Path="WebApi.Platform/WebApi.Platform.csproj"/>
    <Project Path="WebApi.Tests/WebApi.Tests.csproj"/>
    <Project Path="WebApi/WebApi.csproj"/>
</Solution>
